// !$*UTF8*$!
{
	archiveVersion = 1;
	classes = {
	};
	objectVersion = 56;
	objects = {

/* Begin PBXBuildFile section */
		F9E8C8002C060C9C000E9541 /* App607App.swift in Sources */ = {isa = PBXBuildFile; fileRef = F9E8C7FF2C060C9C000E9541 /* App607App.swift */; };
		F9E8C8022C060C9C000E9541 /* ContentView.swift in Sources */ = {isa = PBXBuildFile; fileRef = F9E8C8012C060C9C000E9541 /* ContentView.swift */; };
		F9E8C8042C060C9F000E9541 /* Assets.xcassets in Resources */ = {isa = PBXBuildFile; fileRef = F9E8C8032C060C9F000E9541 /* Assets.xcassets */; };
		F9E8C8072C060C9F000E9541 /* Preview Assets.xcassets in Resources */ = {isa = PBXBuildFile; fileRef = F9E8C8062C060C9F000E9541 /* Preview Assets.xcassets */; };
		F9E8C80E2C060D30000E9541 /* Launch Screen.storyboard in Resources */ = {isa = PBXBuildFile; fileRef = F9E8C80D2C060D30000E9541 /* Launch Screen.storyboard */; };
		F9E8C8112C060D51000E9541 /* LoadingView.swift in Sources */ = {isa = PBXBuildFile; fileRef = F9E8C8102C060D51000E9541 /* LoadingView.swift */; };
		F9E8C8172C060D63000E9541 /* users_1.swift in Sources */ = {isa = PBXBuildFile; fileRef = F9E8C8162C060D63000E9541 /* users_1.swift */; };
		F9E8C81B2C060D6C000E9541 /* users_2.swift in Sources */ = {isa = PBXBuildFile; fileRef = F9E8C81A2C060D6C000E9541 /* users_2.swift */; };
		F9E8C81D2C060D6F000E9541 /* users_3.swift in Sources */ = {isa = PBXBuildFile; fileRef = F9E8C81C2C060D6F000E9541 /* users_3.swift */; };
		F9E8C81F2C060D7A000E9541 /* reviewers_1.swift in Sources */ = {isa = PBXBuildFile; fileRef = F9E8C81E2C060D7A000E9541 /* reviewers_1.swift */; };
		F9E8C8212C060D7E000E9541 /* reviewers_2.swift in Sources */ = {isa = PBXBuildFile; fileRef = F9E8C8202C060D7E000E9541 /* reviewers_2.swift */; };
		F9E8C8232C060EE0000E9541 /* s_ex.swift in Sources */ = {isa = PBXBuildFile; fileRef = F9E8C8222C060EE0000E9541 /* s_ex.swift */; };
		F9E8C8252C060EE4000E9541 /* dex.swift in Sources */ = {isa = PBXBuildFile; fileRef = F9E8C8242C060EE4000E9541 /* dex.swift */; };
		F9E8C8272C060EE9000E9541 /* wex.swift in Sources */ = {isa = PBXBuildFile; fileRef = F9E8C8262C060EE9000E9541 /* wex.swift */; };
/* End PBXBuildFile section */

/* Begin PBXFileReference section */
		F9E8C7FC2C060C9C000E9541 /* App607.app */ = {isa = PBXFileReference; explicitFileType = wrapper.application; includeInIndex = 0; path = App607.app; sourceTree = BUILT_PRODUCTS_DIR; };
		F9E8C7FF2C060C9C000E9541 /* App607App.swift */ = {isa = PBXFileReference; lastKnownFileType = sourcecode.swift; path = App607App.swift; sourceTree = "<group>"; };
		F9E8C8012C060C9C000E9541 /* ContentView.swift */ = {isa = PBXFileReference; lastKnownFileType = sourcecode.swift; path = ContentView.swift; sourceTree = "<group>"; };
		F9E8C8032C060C9F000E9541 /* Assets.xcassets */ = {isa = PBXFileReference; lastKnownFileType = folder.assetcatalog; path = Assets.xcassets; sourceTree = "<group>"; };
		F9E8C8062C060C9F000E9541 /* Preview Assets.xcassets */ = {isa = PBXFileReference; lastKnownFileType = folder.assetcatalog; path = "Preview Assets.xcassets"; sourceTree = "<group>"; };
		F9E8C80D2C060D30000E9541 /* Launch Screen.storyboard */ = {isa = PBXFileReference; lastKnownFileType = file.storyboard; path = "Launch Screen.storyboard"; sourceTree = "<group>"; };
		F9E8C8102C060D51000E9541 /* LoadingView.swift */ = {isa = PBXFileReference; lastKnownFileType = sourcecode.swift; path = LoadingView.swift; sourceTree = "<group>"; };
		F9E8C8162C060D63000E9541 /* users_1.swift */ = {isa = PBXFileReference; lastKnownFileType = sourcecode.swift; path = users_1.swift; sourceTree = "<group>"; };
		F9E8C81A2C060D6C000E9541 /* users_2.swift */ = {isa = PBXFileReference; lastKnownFileType = sourcecode.swift; path = users_2.swift; sourceTree = "<group>"; };
		F9E8C81C2C060D6F000E9541 /* users_3.swift */ = {isa = PBXFileReference; lastKnownFileType = sourcecode.swift; path = users_3.swift; sourceTree = "<group>"; };
		F9E8C81E2C060D7A000E9541 /* reviewers_1.swift */ = {isa = PBXFileReference; lastKnownFileType = sourcecode.swift; path = reviewers_1.swift; sourceTree = "<group>"; };
		F9E8C8202C060D7E000E9541 /* reviewers_2.swift */ = {isa = PBXFileReference; lastKnownFileType = sourcecode.swift; path = reviewers_2.swift; sourceTree = "<group>"; };
		F9E8C8222C060EE0000E9541 /* s_ex.swift */ = {isa = PBXFileReference; lastKnownFileType = sourcecode.swift; path = s_ex.swift; sourceTree = "<group>"; };
		F9E8C8242C060EE4000E9541 /* dex.swift */ = {isa = PBXFileReference; lastKnownFileType = sourcecode.swift; path = dex.swift; sourceTree = "<group>"; };
		F9E8C8262C060EE9000E9541 /* wex.swift */ = {isa = PBXFileReference; lastKnownFileType = sourcecode.swift; path = wex.swift; sourceTree = "<group>"; };
/* End PBXFileReference section */

/* Begin PBXFrameworksBuildPhase section */
		F9E8C7F92C060C9C000E9541 /* Frameworks */ = {
			isa = PBXFrameworksBuildPhase;
			buildActionMask = 2147483647;
			files = (
			);
			runOnlyForDeploymentPostprocessing = 0;
		};
/* End PBXFrameworksBuildPhase section */

/* Begin PBXGroup section */
		F9E8C7F32C060C9C000E9541 = {
			isa = PBXGroup;
			children = (
				F9E8C7FE2C060C9C000E9541 /* App607 */,
				F9E8C7FD2C060C9C000E9541 /* Products */,
			);
			sourceTree = "<group>";
		};
		F9E8C7FD2C060C9C000E9541 /* Products */ = {
			isa = PBXGroup;
			children = (
				F9E8C7FC2C060C9C000E9541 /* App607.app */,
			);
			name = Products;
			sourceTree = "<group>";
		};
		F9E8C7FE2C060C9C000E9541 /* App607 */ = {
			isa = PBXGroup;
			children = (
				F9E8C7FF2C060C9C000E9541 /* App607App.swift */,
				F9E8C8012C060C9C000E9541 /* ContentView.swift */,
				F9E8C80F2C060D4A000E9541 /* Main */,
				F9E8C80D2C060D30000E9541 /* Launch Screen.storyboard */,
				F9E8C8032C060C9F000E9541 /* Assets.xcassets */,
				F9E8C8052C060C9F000E9541 /* Preview Content */,
			);
			path = App607;
			sourceTree = "<group>";
		};
		F9E8C8052C060C9F000E9541 /* Preview Content */ = {
			isa = PBXGroup;
			children = (
				F9E8C8062C060C9F000E9541 /* Preview Assets.xcassets */,
			);
			path = "Preview Content";
			sourceTree = "<group>";
		};
		F9E8C80F2C060D4A000E9541 /* Main */ = {
			isa = PBXGroup;
			children = (
				F9E8C8122C060D53000E9541 /* extens */,
				F9E8C8102C060D51000E9541 /* LoadingView.swift */,
				F9E8C8132C060D57000E9541 /* splash */,
			);
			path = Main;
			sourceTree = "<group>";
		};
		F9E8C8122C060D53000E9541 /* extens */ = {
			isa = PBXGroup;
			children = (
				F9E8C8222C060EE0000E9541 /* s_ex.swift */,
				F9E8C8242C060EE4000E9541 /* dex.swift */,
				F9E8C8262C060EE9000E9541 /* wex.swift */,
			);
			name = extens;
			sourceTree = "<group>";
		};
		F9E8C8132C060D57000E9541 /* splash */ = {
			isa = PBXGroup;
			children = (
				F9E8C8152C060D5C000E9541 /* users */,
				F9E8C8142C060D59000E9541 /* reviewers */,
			);
			name = splash;
			sourceTree = "<group>";
		};
		F9E8C8142C060D59000E9541 /* reviewers */ = {
			isa = PBXGroup;
			children = (
				F9E8C81E2C060D7A000E9541 /* reviewers_1.swift */,
				F9E8C8202C060D7E000E9541 /* reviewers_2.swift */,
			);
			name = reviewers;
			sourceTree = "<group>";
		};
		F9E8C8152C060D5C000E9541 /* users */ = {
			isa = PBXGroup;
			children = (
				F9E8C8162C060D63000E9541 /* users_1.swift */,
				F9E8C81A2C060D6C000E9541 /* users_2.swift */,
				F9E8C81C2C060D6F000E9541 /* users_3.swift */,
			);
			name = users;
			sourceTree = "<group>";
		};
/* End PBXGroup section */

/* Begin PBXNativeTarget section */
		F9E8C7FB2C060C9C000E9541 /* App607 */ = {
			isa = PBXNativeTarget;
			buildConfigurationList = F9E8C80A2C060C9F000E9541 /* Build configuration list for PBXNativeTarget "App607" */;
			buildPhases = (
				F9E8C7F82C060C9C000E9541 /* Sources */,
				F9E8C7F92C060C9C000E9541 /* Frameworks */,
				F9E8C7FA2C060C9C000E9541 /* Resources */,
			);
			buildRules = (
			);
			dependencies = (
			);
			name = App607;
			productName = App607;
			productReference = F9E8C7FC2C060C9C000E9541 /* App607.app */;
			productType = "com.apple.product-type.application";
		};
/* End PBXNativeTarget section */

/* Begin PBXProject section */
		F9E8C7F42C060C9C000E9541 /* Project object */ = {
			isa = PBXProject;
			attributes = {
				BuildIndependentTargetsInParallel = 1;
				LastSwiftUpdateCheck = 1530;
				LastUpgradeCheck = 1530;
				TargetAttributes = {
					F9E8C7FB2C060C9C000E9541 = {
						CreatedOnToolsVersion = 15.3;
					};
				};
			};
			buildConfigurationList = F9E8C7F72C060C9C000E9541 /* Build configuration list for PBXProject "App607" */;
			compatibilityVersion = "Xcode 14.0";
			developmentRegion = en;
			hasScannedForEncodings = 0;
			knownRegions = (
				en,
				Base,
			);
			mainGroup = F9E8C7F32C060C9C000E9541;
			productRefGroup = F9E8C7FD2C060C9C000E9541 /* Products */;
			projectDirPath = "";
			projectRoot = "";
			targets = (
				F9E8C7FB2C060C9C000E9541 /* App607 */,
			);
		};
/* End PBXProject section */

/* Begin PBXResourcesBuildPhase section */
		F9E8C7FA2C060C9C000E9541 /* Resources */ = {
			isa = PBXResourcesBuildPhase;
			buildActionMask = 2147483647;
			files = (
				F9E8C80E2C060D30000E9541 /* Launch Screen.storyboard in Resources */,
				F9E8C8072C060C9F000E9541 /* Preview Assets.xcassets in Resources */,
				F9E8C8042C060C9F000E9541 /* Assets.xcassets in Resources */,
			);
			runOnlyForDeploymentPostprocessing = 0;
		};
/* End PBXResourcesBuildPhase section */

/* Begin PBXSourcesBuildPhase section */
		F9E8C7F82C060C9C000E9541 /* Sources */ = {
			isa = PBXSourcesBuildPhase;
			buildActionMask = 2147483647;
			files = (
				F9E8C8022C060C9C000E9541 /* ContentView.swift in Sources */,
				F9E8C8252C060EE4000E9541 /* dex.swift in Sources */,
				F9E8C8212C060D7E000E9541 /* reviewers_2.swift in Sources */,
				F9E8C8002C060C9C000E9541 /* App607App.swift in Sources */,
				F9E8C81D2C060D6F000E9541 /* users_3.swift in Sources */,
				F9E8C81B2C060D6C000E9541 /* users_2.swift in Sources */,
				F9E8C8172C060D63000E9541 /* users_1.swift in Sources */,
				F9E8C81F2C060D7A000E9541 /* reviewers_1.swift in Sources */,
				F9E8C8272C060EE9000E9541 /* wex.swift in Sources */,
				F9E8C8232C060EE0000E9541 /* s_ex.swift in Sources */,
				F9E8C8112C060D51000E9541 /* LoadingView.swift in Sources */,
			);
			runOnlyForDeploymentPostprocessing = 0;
		};
/* End PBXSourcesBuildPhase section */

/* Begin XCBuildConfiguration section */
		F9E8C8082C060C9F000E9541 /* Debug */ = {
			isa = XCBuildConfiguration;
			buildSettings = {
				ALWAYS_SEARCH_USER_PATHS = NO;
				ASSETCATALOG_COMPILER_GENERATE_SWIFT_ASSET_SYMBOL_EXTENSIONS = YES;
				CLANG_ANALYZER_NONNULL = YES;
				CLANG_ANALYZER_NUMBER_OBJECT_CONVERSION = YES_AGGRESSIVE;
				CLANG_CXX_LANGUAGE_STANDARD = "gnu++20";
				CLANG_ENABLE_MODULES = YES;
				CLANG_ENABLE_OBJC_ARC = YES;
				CLANG_ENABLE_OBJC_WEAK = YES;
				CLANG_WARN_BLOCK_CAPTURE_AUTORELEASING = YES;
				CLANG_WARN_BOOL_CONVERSION = YES;
				CLANG_WARN_COMMA = YES;
				CLANG_WARN_CONSTANT_CONVERSION = YES;
				CLANG_WARN_DEPRECATED_OBJC_IMPLEMENTATIONS = YES;
				CLANG_WARN_DIRECT_OBJC_ISA_USAGE = YES_ERROR;
				CLANG_WARN_DOCUMENTATION_COMMENTS = YES;
				CLANG_WARN_EMPTY_BODY = YES;
				CLANG_WARN_ENUM_CONVERSION = YES;
				CLANG_WARN_INFINITE_RECURSION = YES;
				CLANG_WARN_INT_CONVERSION = YES;
				CLANG_WARN_NON_LITERAL_NULL_CONVERSION = YES;
				CLANG_WARN_OBJC_IMPLICIT_RETAIN_SELF = YES;
				CLANG_WARN_OBJC_LITERAL_CONVERSION = YES;
				CLANG_WARN_OBJC_ROOT_CLASS = YES_ERROR;
				CLANG_WARN_QUOTED_INCLUDE_IN_FRAMEWORK_HEADER = YES;
				CLANG_WARN_RANGE_LOOP_ANALYSIS = YES;
				CLANG_WARN_STRICT_PROTOTYPES = YES;
				CLANG_WARN_SUSPICIOUS_MOVE = YES;
				CLANG_WARN_UNGUARDED_AVAILABILITY = YES_AGGRESSIVE;
				CLANG_WARN_UNREACHABLE_CODE = YES;
				CLANG_WARN__DUPLICATE_METHOD_MATCH = YES;
				COPY_PHASE_STRIP = NO;
				DEBUG_INFORMATION_FORMAT = dwarf;
				ENABLE_STRICT_OBJC_MSGSEND = YES;
				ENABLE_TESTABILITY = YES;
				ENABLE_USER_SCRIPT_SANDBOXING = YES;
				GCC_C_LANGUAGE_STANDARD = gnu17;
				GCC_DYNAMIC_NO_PIC = NO;
				GCC_NO_COMMON_BLOCKS = YES;
				GCC_OPTIMIZATION_LEVEL = 0;
				GCC_PREPROCESSOR_DEFINITIONS = (
					"DEBUG=1",
					"$(inherited)",
				);
				GCC_WARN_64_TO_32_BIT_CONVERSION = YES;
				GCC_WARN_ABOUT_RETURN_TYPE = YES_ERROR;
				GCC_WARN_UNDECLARED_SELECTOR = YES;
				GCC_WARN_UNINITIALIZED_AUTOS = YES_AGGRESSIVE;
				GCC_WARN_UNUSED_FUNCTION = YES;
				GCC_WARN_UNUSED_VARIABLE = YES;
				IPHONEOS_DEPLOYMENT_TARGET = 14.0;
				LOCALIZATION_PREFERS_STRING_CATALOGS = YES;
				MTL_ENABLE_DEBUG_INFO = INCLUDE_SOURCE;
				MTL_FAST_MATH = YES;
				ONLY_ACTIVE_ARCH = YES;
				SDKROOT = iphoneos;
				SWIFT_ACTIVE_COMPILATION_CONDITIONS = "DEBUG $(inherited)";
				SWIFT_OPTIMIZATION_LEVEL = "-Onone";
			};
			name = Debug;
		};
		F9E8C8092C060C9F000E9541 /* Release */ = {
			isa = XCBuildConfiguration;
			buildSettings = {
				ALWAYS_SEARCH_USER_PATHS = NO;
				ASSETCATALOG_COMPILER_GENERATE_SWIFT_ASSET_SYMBOL_EXTENSIONS = YES;
				CLANG_ANALYZER_NONNULL = YES;
				CLANG_ANALYZER_NUMBER_OBJECT_CONVERSION = YES_AGGRESSIVE;
				CLANG_CXX_LANGUAGE_STANDARD = "gnu++20";
				CLANG_ENABLE_MODULES = YES;
				CLANG_ENABLE_OBJC_ARC = YES;
				CLANG_ENABLE_OBJC_WEAK = YES;
				CLANG_WARN_BLOCK_CAPTURE_AUTORELEASING = YES;
				CLANG_WARN_BOOL_CONVERSION = YES;
				CLANG_WARN_COMMA = YES;
				CLANG_WARN_CONSTANT_CONVERSION = YES;
				CLANG_WARN_DEPRECATED_OBJC_IMPLEMENTATIONS = YES;
				CLANG_WARN_DIRECT_OBJC_ISA_USAGE = YES_ERROR;
				CLANG_WARN_DOCUMENTATION_COMMENTS = YES;
				CLANG_WARN_EMPTY_BODY = YES;
				CLANG_WARN_ENUM_CONVERSION = YES;
				CLANG_WARN_INFINITE_RECURSION = YES;
				CLANG_WARN_INT_CONVERSION = YES;
				CLANG_WARN_NON_LITERAL_NULL_CONVERSION = YES;
				CLANG_WARN_OBJC_IMPLICIT_RETAIN_SELF = YES;
				CLANG_WARN_OBJC_LITERAL_CONVERSION = YES;
				CLANG_WARN_OBJC_ROOT_CLASS = YES_ERROR;
				CLANG_WARN_QUOTED_INCLUDE_IN_FRAMEWORK_HEADER = YES;
				CLANG_WARN_RANGE_LOOP_ANALYSIS = YES;
				CLANG_WARN_STRICT_PROTOTYPES = YES;
				CLANG_WARN_SUSPICIOUS_MOVE = YES;
				CLANG_WARN_UNGUARDED_AVAILABILITY = YES_AGGRESSIVE;
				CLANG_WARN_UNREACHABLE_CODE = YES;
				CLANG_WARN__DUPLICATE_METHOD_MATCH = YES;
				COPY_PHASE_STRIP = NO;
				DEBUG_INFORMATION_FORMAT = "dwarf-with-dsym";
				ENABLE_NS_ASSERTIONS = NO;
				ENABLE_STRICT_OBJC_MSGSEND = YES;
				ENABLE_USER_SCRIPT_SANDBOXING = YES;
				GCC_C_LANGUAGE_STANDARD = gnu17;
				GCC_NO_COMMON_BLOCKS = YES;
				GCC_WARN_64_TO_32_BIT_CONVERSION = YES;
				GCC_WARN_ABOUT_RETURN_TYPE = YES_ERROR;
				GCC_WARN_UNDECLARED_SELECTOR = YES;
				GCC_WARN_UNINITIALIZED_AUTOS = YES_AGGRESSIVE;
				GCC_WARN_UNUSED_FUNCTION = YES;
				GCC_WARN_UNUSED_VARIABLE = YES;
				IPHONEOS_DEPLOYMENT_TARGET = 14.0;
				LOCALIZATION_PREFERS_STRING_CATALOGS = YES;
				MTL_ENABLE_DEBUG_INFO = NO;
				MTL_FAST_MATH = YES;
				SDKROOT = iphoneos;
				SWIFT_COMPILATION_MODE = wholemodule;
				VALIDATE_PRODUCT = YES;
			};
			name = Release;
		};
		F9E8C80B2C060C9F000E9541 /* Debug */ = {
			isa = XCBuildConfiguration;
			buildSettings = {
				ASSETCATALOG_COMPILER_APPICON_NAME = AppIcon;
				ASSETCATALOG_COMPILER_GLOBAL_ACCENT_COLOR_NAME = AccentColor;
				CODE_SIGN_STYLE = Automatic;
				CURRENT_PROJECT_VERSION = 1;
				DEVELOPMENT_ASSET_PATHS = "\"App607/Preview Content\"";
				ENABLE_PREVIEWS = YES;
				GENERATE_INFOPLIST_FILE = YES;
				INFOPLIST_KEY_CFBundleDisplayName = "Conquest Duelists";
				INFOPLIST_KEY_UIApplicationSceneManifest_Generation = YES;
				INFOPLIST_KEY_UIApplicationSupportsIndirectInputEvents = YES;
				INFOPLIST_KEY_UILaunchScreen_Generation = YES;
				INFOPLIST_KEY_UILaunchStoryboardName = "Launch Screen.storyboard";
				INFOPLIST_KEY_UISupportedInterfaceOrientations = UIInterfaceOrientationPortrait;
				INFOPLIST_KEY_UISupportedInterfaceOrientations_iPad = "UIInterfaceOrientationLandscapeLeft UIInterfaceOrientationLandscapeRight UIInterfaceOrientationPortrait UIInterfaceOrientationPortraitUpsideDown";
				LD_RUNPATH_SEARCH_PATHS = (
					"$(inherited)",
					"@executable_path/Frameworks",
				);
				MARKETING_VERSION = 1.0;
				PRODUCT_BUNDLE_IDENTIFIER = main.App607;
				PRODUCT_NAME = "$(TARGET_NAME)";
				SUPPORTED_PLATFORMS = "iphoneos iphonesimulator";
				SUPPORTS_MACCATALYST = NO;
				SUPPORTS_MAC_DESIGNED_FOR_IPHONE_IPAD = NO;
				SUPPORTS_XR_DESIGNED_FOR_IPHONE_IPAD = NO;
				SWIFT_EMIT_LOC_STRINGS = YES;
				SWIFT_VERSION = 5.0;
				TARGETED_DEVICE_FAMILY = 1;
			};
			name = Debug;
		};
		F9E8C80C2C060C9F000E9541 /* Release */ = {
			isa = XCBuildConfiguration;
			buildSettings = {
				ASSETCATALOG_COMPILER_APPICON_NAME = AppIcon;
				ASSETCATALOG_COMPILER_GLOBAL_ACCENT_COLOR_NAME = AccentColor;
				CODE_SIGN_STYLE = Automatic;
				CURRENT_PROJECT_VERSION = 1;
				DEVELOPMENT_ASSET_PATHS = "\"App607/Preview Content\"";
				ENABLE_PREVIEWS = YES;
				GENERATE_INFOPLIST_FILE = YES;
				INFOPLIST_KEY_CFBundleDisplayName = "Conquest Duelists";
				INFOPLIST_KEY_UIApplicationSceneManifest_Generation = YES;
				INFOPLIST_KEY_UIApplicationSupportsIndirectInputEvents = YES;
				INFOPLIST_KEY_UILaunchScreen_Generation = YES;
				INFOPLIST_KEY_UILaunchStoryboardName = "Launch Screen.storyboard";
				INFOPLIST_KEY_UISupportedInterfaceOrientations = UIInterfaceOrientationPortrait;
				INFOPLIST_KEY_UISupportedInterfaceOrientations_iPad = "UIInterfaceOrientationLandscapeLeft UIInterfaceOrientationLandscapeRight UIInterfaceOrientationPortrait UIInterfaceOrientationPortraitUpsideDown";
				LD_RUNPATH_SEARCH_PATHS = (
					"$(inherited)",
					"@executable_path/Frameworks",
				);
				MARKETING_VERSION = 1.0;
				PRODUCT_BUNDLE_IDENTIFIER = main.App607;
				PRODUCT_NAME = "$(TARGET_NAME)";
				SUPPORTED_PLATFORMS = "iphoneos iphonesimulator";
				SUPPORTS_MACCATALYST = NO;
				SUPPORTS_MAC_DESIGNED_FOR_IPHONE_IPAD = NO;
				SUPPORTS_XR_DESIGNED_FOR_IPHONE_IPAD = NO;
				SWIFT_EMIT_LOC_STRINGS = YES;
				SWIFT_VERSION = 5.0;
				TARGETED_DEVICE_FAMILY = 1;
			};
			name = Release;
		};
/* End XCBuildConfiguration section */

/* Begin XCConfigurationList section */
		F9E8C7F72C060C9C000E9541 /* Build configuration list for PBXProject "App607" */ = {
			isa = XCConfigurationList;
			buildConfigurations = (
				F9E8C8082C060C9F000E9541 /* Debug */,
				F9E8C8092C060C9F000E9541 /* Release */,
			);
			defaultConfigurationIsVisible = 0;
			defaultConfigurationName = Release;
		};
		F9E8C80A2C060C9F000E9541 /* Build configuration list for PBXNativeTarget "App607" */ = {
			isa = XCConfigurationList;
			buildConfigurations = (
				F9E8C80B2C060C9F000E9541 /* Debug */,
				F9E8C80C2C060C9F000E9541 /* Release */,
			);
			defaultConfigurationIsVisible = 0;
			defaultConfigurationName = Release;
		};
/* End XCConfigurationList section */
	};
	rootObject = F9E8C7F42C060C9C000E9541 /* Project object */;
}
